// !$*UTF8*$!
{
	archiveVersion = 1;
	classes = {
	};
	objectVersion = 46;
	objects = {

/* Begin PBXBuildFile section */
		DB7211361CF9185B00FB0EC9 /* main.m in Sources */ = {isa = PBXBuildFile; fileRef = DB7211351CF9185B00FB0EC9 /* main.m */; };
		DB7211391CF9185B00FB0EC9 /* AppDelegate.m in Sources */ = {isa = PBXBuildFile; fileRef = DB7211381CF9185B00FB0EC9 /* AppDelegate.m */; };
		DB72113C1CF9185B00FB0EC9 /* ViewController.m in Sources */ = {isa = PBXBuildFile; fileRef = DB72113B1CF9185B00FB0EC9 /* ViewController.m */; };
		DB72113F1CF9185B00FB0EC9 /* Main.storyboard in Resources */ = {isa = PBXBuildFile; fileRef = DB72113D1CF9185B00FB0EC9 /* Main.storyboard */; };
		DB7211411CF9185B00FB0EC9 /* Assets.xcassets in Resources */ = {isa = PBXBuildFile; fileRef = DB7211401CF9185B00FB0EC9 /* Assets.xcassets */; };
		DB7211441CF9185B00FB0EC9 /* LaunchScreen.storyboard in Resources */ = {isa = PBXBuildFile; fileRef = DB7211421CF9185B00FB0EC9 /* LaunchScreen.storyboard */; };
		DB72114F1CF9185B00FB0EC9 /* oc_js___Tests.m in Sources */ = {isa = PBXBuildFile; fileRef = DB72114E1CF9185B00FB0EC9 /* oc_js___Tests.m */; };
		DB72115A1CF9185B00FB0EC9 /* oc_js___UITests.m in Sources */ = {isa = PBXBuildFile; fileRef = DB7211591CF9185B00FB0EC9 /* oc_js___UITests.m */; };
		DB72116A1CF91CA300FB0EC9 /* test.png in Resources */ = {isa = PBXBuildFile; fileRef = DB7211691CF91CA300FB0EC9 /* test.png */; };
		DB72116C1CF9262200FB0EC9 /* xianhua.html in Resources */ = {isa = PBXBuildFile; fileRef = DB72116B1CF9262200FB0EC9 /* xianhua.html */; };
		DB7EF8D11D018498009F9B24 /* WKWebView+extension.m in Sources */ = {isa = PBXBuildFile; fileRef = DB7EF8D01D018498009F9B24 /* WKWebView+extension.m */; };
		DB7F94CA1D002090007FD5F8 /* WKTestViewController.m in Sources */ = {isa = PBXBuildFile; fileRef = DB7F94C91D002090007FD5F8 /* WKTestViewController.m */; };
		DB7F94CC1D00489B007FD5F8 /* WKWebView_Test.html in Resources */ = {isa = PBXBuildFile; fileRef = DB7F94CB1D00489B007FD5F8 /* WKWebView_Test.html */; };
		DB81CE0D1D03028D005A747F /* alertTitle.html in Resources */ = {isa = PBXBuildFile; fileRef = DB81CE0C1D03028D005A747F /* alertTitle.html */; };
		DB82CD091D0D4A6A00727358 /* WKWebViwTestVC.m in Sources */ = {isa = PBXBuildFile; fileRef = DB82CD071D0D4A6A00727358 /* WKWebViwTestVC.m */; };
		DB82CD0A1D0D4A6A00727358 /* WKWebViwTestVC.xib in Resources */ = {isa = PBXBuildFile; fileRef = DB82CD081D0D4A6A00727358 /* WKWebViwTestVC.xib */; };
		DB903DCA1CFEE4580024BF2B /* MainTableViewController.m in Sources */ = {isa = PBXBuildFile; fileRef = DB903DC91CFEE4580024BF2B /* MainTableViewController.m */; };
		DB903DCD1CFEE5E40024BF2B /* JSContext.html in Resources */ = {isa = PBXBuildFile; fileRef = DB903DCB1CFEE5E40024BF2B /* JSContext.html */; };
		DB903DCE1CFEE5E40024BF2B /* JSContext.js in Resources */ = {isa = PBXBuildFile; fileRef = DB903DCC1CFEE5E40024BF2B /* JSContext.js */; };
		DB903DD11CFEE7700024BF2B /* JSContextViewController.m in Sources */ = {isa = PBXBuildFile; fileRef = DB903DD01CFEE7700024BF2B /* JSContextViewController.m */; };
		DB903DD31CFEF1E30024BF2B /* SCX_.html in Resources */ = {isa = PBXBuildFile; fileRef = DB903DD21CFEF1E30024BF2B /* SCX_.html */; };
		DB903DD61CFEF1F60024BF2B /* SCXTestViewController.m in Sources */ = {isa = PBXBuildFile; fileRef = DB903DD51CFEF1F60024BF2B /* SCXTestViewController.m */; };
		DB9432931D0113FB0018B6F1 /* WKKFZMViewController.m in Sources */ = {isa = PBXBuildFile; fileRef = DB9432921D0113FB0018B6F1 /* WKKFZMViewController.m */; };
		DB94329B1D012C1C0018B6F1 /* WKKFZMViewController.xib in Resources */ = {isa = PBXBuildFile; fileRef = DB94329A1D012C1C0018B6F1 /* WKKFZMViewController.xib */; };
		DB9432A91D013D2E0018B6F1 /* CookieTool.m in Sources */ = {isa = PBXBuildFile; fileRef = DB9432A81D013D2E0018B6F1 /* CookieTool.m */; };
		DBE0E04B1D069A0700970452 /* AFHTTPSessionManager.m in Sources */ = {isa = PBXBuildFile; fileRef = DBE0E02A1D069A0700970452 /* AFHTTPSessionManager.m */; };
		DBE0E04C1D069A0700970452 /* AFNetworkReachabilityManager.m in Sources */ = {isa = PBXBuildFile; fileRef = DBE0E02D1D069A0700970452 /* AFNetworkReachabilityManager.m */; };
		DBE0E04D1D069A0700970452 /* AFSecurityPolicy.m in Sources */ = {isa = PBXBuildFile; fileRef = DBE0E02F1D069A0700970452 /* AFSecurityPolicy.m */; };
		DBE0E04E1D069A0700970452 /* AFURLRequestSerialization.m in Sources */ = {isa = PBXBuildFile; fileRef = DBE0E0311D069A0700970452 /* AFURLRequestSerialization.m */; };
		DBE0E04F1D069A0700970452 /* AFURLResponseSerialization.m in Sources */ = {isa = PBXBuildFile; fileRef = DBE0E0331D069A0700970452 /* AFURLResponseSerialization.m */; };
		DBE0E0501D069A0700970452 /* AFURLSessionManager.m in Sources */ = {isa = PBXBuildFile; fileRef = DBE0E0351D069A0700970452 /* AFURLSessionManager.m */; };
		DBE0E0511D069A0700970452 /* AFAutoPurgingImageCache.m in Sources */ = {isa = PBXBuildFile; fileRef = DBE0E0381D069A0700970452 /* AFAutoPurgingImageCache.m */; };
		DBE0E0521D069A0700970452 /* AFImageDownloader.m in Sources */ = {isa = PBXBuildFile; fileRef = DBE0E03A1D069A0700970452 /* AFImageDownloader.m */; };
		DBE0E0531D069A0700970452 /* AFNetworkActivityIndicatorManager.m in Sources */ = {isa = PBXBuildFile; fileRef = DBE0E03C1D069A0700970452 /* AFNetworkActivityIndicatorManager.m */; };
		DBE0E0541D069A0700970452 /* UIActivityIndicatorView+AFNetworking.m in Sources */ = {isa = PBXBuildFile; fileRef = DBE0E03E1D069A0700970452 /* UIActivityIndicatorView+AFNetworking.m */; };
		DBE0E0551D069A0700970452 /* UIButton+AFNetworking.m in Sources */ = {isa = PBXBuildFile; fileRef = DBE0E0401D069A0700970452 /* UIButton+AFNetworking.m */; };
		DBE0E0561D069A0700970452 /* UIImageView+AFNetworking.m in Sources */ = {isa = PBXBuildFile; fileRef = DBE0E0431D069A0700970452 /* UIImageView+AFNetworking.m */; };
		DBE0E0571D069A0700970452 /* UIProgressView+AFNetworking.m in Sources */ = {isa = PBXBuildFile; fileRef = DBE0E0461D069A0700970452 /* UIProgressView+AFNetworking.m */; };
		DBE0E0581D069A0700970452 /* UIRefreshControl+AFNetworking.m in Sources */ = {isa = PBXBuildFile; fileRef = DBE0E0481D069A0700970452 /* UIRefreshControl+AFNetworking.m */; };
		DBE0E0591D069A0700970452 /* UIWebView+AFNetworking.m in Sources */ = {isa = PBXBuildFile; fileRef = DBE0E04A1D069A0700970452 /* UIWebView+AFNetworking.m */; };
		DBE0E05C1D069A2800970452 /* NetTool.m in Sources */ = {isa = PBXBuildFile; fileRef = DBE0E05B1D069A2800970452 /* NetTool.m */; };
		DBE0E0611D069D2D00970452 /* KFZMainViewController.m in Sources */ = {isa = PBXBuildFile; fileRef = DBE0E05F1D069D2D00970452 /* KFZMainViewController.m */; };
		DBE0E0621D069D2D00970452 /* KFZMainViewController.xib in Resources */ = {isa = PBXBuildFile; fileRef = DBE0E0601D069D2D00970452 /* KFZMainViewController.xib */; };
/* End PBXBuildFile section */

/* Begin PBXContainerItemProxy section */
		DB72114B1CF9185B00FB0EC9 /* PBXContainerItemProxy */ = {
			isa = PBXContainerItemProxy;
			containerPortal = DB7211291CF9185B00FB0EC9 /* Project object */;
			proxyType = 1;
			remoteGlobalIDString = DB7211301CF9185B00FB0EC9;
			remoteInfo = "oc_js_交互";
		};
		DB7211561CF9185B00FB0EC9 /* PBXContainerItemProxy */ = {
			isa = PBXContainerItemProxy;
			containerPortal = DB7211291CF9185B00FB0EC9 /* Project object */;
			proxyType = 1;
			remoteGlobalIDString = DB7211301CF9185B00FB0EC9;
			remoteInfo = "oc_js_交互";
		};
/* End PBXContainerItemProxy section */

/* Begin PBXFileReference section */
		DB7211311CF9185B00FB0EC9 /* oc_js_交互.app */ = {isa = PBXFileReference; explicitFileType = wrapper.application; includeInIndex = 0; path = "oc_js_交互.app"; sourceTree = BUILT_PRODUCTS_DIR; };
		DB7211351CF9185B00FB0EC9 /* main.m */ = {isa = PBXFileReference; lastKnownFileType = sourcecode.c.objc; path = main.m; sourceTree = "<group>"; };
		DB7211371CF9185B00FB0EC9 /* AppDelegate.h */ = {isa = PBXFileReference; lastKnownFileType = sourcecode.c.h; path = AppDelegate.h; sourceTree = "<group>"; };
		DB7211381CF9185B00FB0EC9 /* AppDelegate.m */ = {isa = PBXFileReference; lastKnownFileType = sourcecode.c.objc; path = AppDelegate.m; sourceTree = "<group>"; };
		DB72113A1CF9185B00FB0EC9 /* ViewController.h */ = {isa = PBXFileReference; lastKnownFileType = sourcecode.c.h; path = ViewController.h; sourceTree = "<group>"; };
		DB72113B1CF9185B00FB0EC9 /* ViewController.m */ = {isa = PBXFileReference; lastKnownFileType = sourcecode.c.objc; path = ViewController.m; sourceTree = "<group>"; };
		DB72113E1CF9185B00FB0EC9 /* Base */ = {isa = PBXFileReference; lastKnownFileType = file.storyboard; name = Base; path = Base.lproj/Main.storyboard; sourceTree = "<group>"; };
		DB7211401CF9185B00FB0EC9 /* Assets.xcassets */ = {isa = PBXFileReference; lastKnownFileType = folder.assetcatalog; path = Assets.xcassets; sourceTree = "<group>"; };
		DB7211431CF9185B00FB0EC9 /* Base */ = {isa = PBXFileReference; lastKnownFileType = file.storyboard; name = Base; path = Base.lproj/LaunchScreen.storyboard; sourceTree = "<group>"; };
		DB7211451CF9185B00FB0EC9 /* Info.plist */ = {isa = PBXFileReference; lastKnownFileType = text.plist.xml; path = Info.plist; sourceTree = "<group>"; };
		DB72114A1CF9185B00FB0EC9 /* oc_js_交互Tests.xctest */ = {isa = PBXFileReference; explicitFileType = wrapper.cfbundle; includeInIndex = 0; path = "oc_js_交互Tests.xctest"; sourceTree = BUILT_PRODUCTS_DIR; };
		DB72114E1CF9185B00FB0EC9 /* oc_js___Tests.m */ = {isa = PBXFileReference; lastKnownFileType = sourcecode.c.objc; path = "oc_js___Tests.m"; sourceTree = "<group>"; };
		DB7211501CF9185B00FB0EC9 /* Info.plist */ = {isa = PBXFileReference; lastKnownFileType = text.plist.xml; path = Info.plist; sourceTree = "<group>"; };
		DB7211551CF9185B00FB0EC9 /* oc_js_交互UITests.xctest */ = {isa = PBXFileReference; explicitFileType = wrapper.cfbundle; includeInIndex = 0; path = "oc_js_交互UITests.xctest"; sourceTree = BUILT_PRODUCTS_DIR; };
		DB7211591CF9185B00FB0EC9 /* oc_js___UITests.m */ = {isa = PBXFileReference; lastKnownFileType = sourcecode.c.objc; path = "oc_js___UITests.m"; sourceTree = "<group>"; };
		DB72115B1CF9185B00FB0EC9 /* Info.plist */ = {isa = PBXFileReference; lastKnownFileType = text.plist.xml; path = Info.plist; sourceTree = "<group>"; };
		DB7211691CF91CA300FB0EC9 /* test.png */ = {isa = PBXFileReference; lastKnownFileType = image.png; path = test.png; sourceTree = "<group>"; };
		DB72116B1CF9262200FB0EC9 /* xianhua.html */ = {isa = PBXFileReference; fileEncoding = 4; lastKnownFileType = text.html; path = xianhua.html; sourceTree = "<group>"; };
		DB7EF8CF1D018498009F9B24 /* WKWebView+extension.h */ = {isa = PBXFileReference; fileEncoding = 4; lastKnownFileType = sourcecode.c.h; path = "WKWebView+extension.h"; sourceTree = "<group>"; };
		DB7EF8D01D018498009F9B24 /* WKWebView+extension.m */ = {isa = PBXFileReference; fileEncoding = 4; lastKnownFileType = sourcecode.c.objc; path = "WKWebView+extension.m"; sourceTree = "<group>"; };
		DB7F94C81D002090007FD5F8 /* WKTestViewController.h */ = {isa = PBXFileReference; fileEncoding = 4; lastKnownFileType = sourcecode.c.h; path = WKTestViewController.h; sourceTree = "<group>"; };
		DB7F94C91D002090007FD5F8 /* WKTestViewController.m */ = {isa = PBXFileReference; fileEncoding = 4; lastKnownFileType = sourcecode.c.objc; path = WKTestViewController.m; sourceTree = "<group>"; };
		DB7F94CB1D00489B007FD5F8 /* WKWebView_Test.html */ = {isa = PBXFileReference; fileEncoding = 4; lastKnownFileType = text.html; path = WKWebView_Test.html; sourceTree = "<group>"; };
		DB81CE0C1D03028D005A747F /* alertTitle.html */ = {isa = PBXFileReference; fileEncoding = 4; lastKnownFileType = text.html; path = alertTitle.html; sourceTree = "<group>"; };
		DB82CD061D0D4A6A00727358 /* WKWebViwTestVC.h */ = {isa = PBXFileReference; fileEncoding = 4; lastKnownFileType = sourcecode.c.h; path = WKWebViwTestVC.h; sourceTree = "<group>"; };
		DB82CD071D0D4A6A00727358 /* WKWebViwTestVC.m */ = {isa = PBXFileReference; fileEncoding = 4; lastKnownFileType = sourcecode.c.objc; path = WKWebViwTestVC.m; sourceTree = "<group>"; };
		DB82CD081D0D4A6A00727358 /* WKWebViwTestVC.xib */ = {isa = PBXFileReference; fileEncoding = 4; lastKnownFileType = file.xib; path = WKWebViwTestVC.xib; sourceTree = "<group>"; };
		DB903DC81CFEE4580024BF2B /* MainTableViewController.h */ = {isa = PBXFileReference; fileEncoding = 4; lastKnownFileType = sourcecode.c.h; path = MainTableViewController.h; sourceTree = "<group>"; };
		DB903DC91CFEE4580024BF2B /* MainTableViewController.m */ = {isa = PBXFileReference; fileEncoding = 4; lastKnownFileType = sourcecode.c.objc; path = MainTableViewController.m; sourceTree = "<group>"; };
		DB903DCB1CFEE5E40024BF2B /* JSContext.html */ = {isa = PBXFileReference; fileEncoding = 4; lastKnownFileType = text.html; path = JSContext.html; sourceTree = "<group>"; };
		DB903DCC1CFEE5E40024BF2B /* JSContext.js */ = {isa = PBXFileReference; fileEncoding = 4; lastKnownFileType = sourcecode.javascript; path = JSContext.js; sourceTree = "<group>"; };
		DB903DCF1CFEE7700024BF2B /* JSContextViewController.h */ = {isa = PBXFileReference; fileEncoding = 4; lastKnownFileType = sourcecode.c.h; path = JSContextViewController.h; sourceTree = "<group>"; };
		DB903DD01CFEE7700024BF2B /* JSContextViewController.m */ = {isa = PBXFileReference; fileEncoding = 4; lastKnownFileType = sourcecode.c.objc; path = JSContextViewController.m; sourceTree = "<group>"; };
		DB903DD21CFEF1E30024BF2B /* SCX_.html */ = {isa = PBXFileReference; fileEncoding = 4; lastKnownFileType = text.html; path = SCX_.html; sourceTree = "<group>"; };
		DB903DD41CFEF1F60024BF2B /* SCXTestViewController.h */ = {isa = PBXFileReference; fileEncoding = 4; lastKnownFileType = sourcecode.c.h; path = SCXTestViewController.h; sourceTree = "<group>"; };
		DB903DD51CFEF1F60024BF2B /* SCXTestViewController.m */ = {isa = PBXFileReference; fileEncoding = 4; lastKnownFileType = sourcecode.c.objc; path = SCXTestViewController.m; sourceTree = "<group>"; };
		DB9432911D0113FB0018B6F1 /* WKKFZMViewController.h */ = {isa = PBXFileReference; fileEncoding = 4; lastKnownFileType = sourcecode.c.h; path = WKKFZMViewController.h; sourceTree = "<group>"; };
		DB9432921D0113FB0018B6F1 /* WKKFZMViewController.m */ = {isa = PBXFileReference; fileEncoding = 4; lastKnownFileType = sourcecode.c.objc; path = WKKFZMViewController.m; sourceTree = "<group>"; };
		DB94329A1D012C1C0018B6F1 /* WKKFZMViewController.xib */ = {isa = PBXFileReference; fileEncoding = 4; lastKnownFileType = file.xib; path = WKKFZMViewController.xib; sourceTree = "<group>"; };
		DB9432A71D013D2E0018B6F1 /* CookieTool.h */ = {isa = PBXFileReference; fileEncoding = 4; lastKnownFileType = sourcecode.c.h; path = CookieTool.h; sourceTree = "<group>"; };
		DB9432A81D013D2E0018B6F1 /* CookieTool.m */ = {isa = PBXFileReference; fileEncoding = 4; lastKnownFileType = sourcecode.c.objc; path = CookieTool.m; sourceTree = "<group>"; };
		DBE0E0291D069A0700970452 /* AFHTTPSessionManager.h */ = {isa = PBXFileReference; fileEncoding = 4; lastKnownFileType = sourcecode.c.h; path = AFHTTPSessionManager.h; sourceTree = "<group>"; };
		DBE0E02A1D069A0700970452 /* AFHTTPSessionManager.m */ = {isa = PBXFileReference; fileEncoding = 4; lastKnownFileType = sourcecode.c.objc; path = AFHTTPSessionManager.m; sourceTree = "<group>"; };
		DBE0E02B1D069A0700970452 /* AFNetworking.h */ = {isa = PBXFileReference; fileEncoding = 4; lastKnownFileType = sourcecode.c.h; path = AFNetworking.h; sourceTree = "<group>"; };
		DBE0E02C1D069A0700970452 /* AFNetworkReachabilityManager.h */ = {isa = PBXFileReference; fileEncoding = 4; lastKnownFileType = sourcecode.c.h; path = AFNetworkReachabilityManager.h; sourceTree = "<group>"; };
		DBE0E02D1D069A0700970452 /* AFNetworkReachabilityManager.m */ = {isa = PBXFileReference; fileEncoding = 4; lastKnownFileType = sourcecode.c.objc; path = AFNetworkReachabilityManager.m; sourceTree = "<group>"; };
		DBE0E02E1D069A0700970452 /* AFSecurityPolicy.h */ = {isa = PBXFileReference; fileEncoding = 4; lastKnownFileType = sourcecode.c.h; path = AFSecurityPolicy.h; sourceTree = "<group>"; };
		DBE0E02F1D069A0700970452 /* AFSecurityPolicy.m */ = {isa = PBXFileReference; fileEncoding = 4; lastKnownFileType = sourcecode.c.objc; path = AFSecurityPolicy.m; sourceTree = "<group>"; };
		DBE0E0301D069A0700970452 /* AFURLRequestSerialization.h */ = {isa = PBXFileReference; fileEncoding = 4; lastKnownFileType = sourcecode.c.h; path = AFURLRequestSerialization.h; sourceTree = "<group>"; };
		DBE0E0311D069A0700970452 /* AFURLRequestSerialization.m */ = {isa = PBXFileReference; fileEncoding = 4; lastKnownFileType = sourcecode.c.objc; path = AFURLRequestSerialization.m; sourceTree = "<group>"; };
		DBE0E0321D069A0700970452 /* AFURLResponseSerialization.h */ = {isa = PBXFileReference; fileEncoding = 4; lastKnownFileType = sourcecode.c.h; path = AFURLResponseSerialization.h; sourceTree = "<group>"; };
		DBE0E0331D069A0700970452 /* AFURLResponseSerialization.m */ = {isa = PBXFileReference; fileEncoding = 4; lastKnownFileType = sourcecode.c.objc; path = AFURLResponseSerialization.m; sourceTree = "<group>"; };
		DBE0E0341D069A0700970452 /* AFURLSessionManager.h */ = {isa = PBXFileReference; fileEncoding = 4; lastKnownFileType = sourcecode.c.h; path = AFURLSessionManager.h; sourceTree = "<group>"; };
		DBE0E0351D069A0700970452 /* AFURLSessionManager.m */ = {isa = PBXFileReference; fileEncoding = 4; lastKnownFileType = sourcecode.c.objc; path = AFURLSessionManager.m; sourceTree = "<group>"; };
		DBE0E0371D069A0700970452 /* AFAutoPurgingImageCache.h */ = {isa = PBXFileReference; fileEncoding = 4; lastKnownFileType = sourcecode.c.h; path = AFAutoPurgingImageCache.h; sourceTree = "<group>"; };
		DBE0E0381D069A0700970452 /* AFAutoPurgingImageCache.m */ = {isa = PBXFileReference; fileEncoding = 4; lastKnownFileType = sourcecode.c.objc; path = AFAutoPurgingImageCache.m; sourceTree = "<group>"; };
		DBE0E0391D069A0700970452 /* AFImageDownloader.h */ = {isa = PBXFileReference; fileEncoding = 4; lastKnownFileType = sourcecode.c.h; path = AFImageDownloader.h; sourceTree = "<group>"; };
		DBE0E03A1D069A0700970452 /* AFImageDownloader.m */ = {isa = PBXFileReference; fileEncoding = 4; lastKnownFileType = sourcecode.c.objc; path = AFImageDownloader.m; sourceTree = "<group>"; };
		DBE0E03B1D069A0700970452 /* AFNetworkActivityIndicatorManager.h */ = {isa = PBXFileReference; fileEncoding = 4; lastKnownFileType = sourcecode.c.h; path = AFNetworkActivityIndicatorManager.h; sourceTree = "<group>"; };
		DBE0E03C1D069A0700970452 /* AFNetworkActivityIndicatorManager.m */ = {isa = PBXFileReference; fileEncoding = 4; lastKnownFileType = sourcecode.c.objc; path = AFNetworkActivityIndicatorManager.m; sourceTree = "<group>"; };
		DBE0E03D1D069A0700970452 /* UIActivityIndicatorView+AFNetworking.h */ = {isa = PBXFileReference; fileEncoding = 4; lastKnownFileType = sourcecode.c.h; path = "UIActivityIndicatorView+AFNetworking.h"; sourceTree = "<group>"; };
		DBE0E03E1D069A0700970452 /* UIActivityIndicatorView+AFNetworking.m */ = {isa = PBXFileReference; fileEncoding = 4; lastKnownFileType = sourcecode.c.objc; path = "UIActivityIndicatorView+AFNetworking.m"; sourceTree = "<group>"; };
		DBE0E03F1D069A0700970452 /* UIButton+AFNetworking.h */ = {isa = PBXFileReference; fileEncoding = 4; lastKnownFileType = sourcecode.c.h; path = "UIButton+AFNetworking.h"; sourceTree = "<group>"; };
		DBE0E0401D069A0700970452 /* UIButton+AFNetworking.m */ = {isa = PBXFileReference; fileEncoding = 4; lastKnownFileType = sourcecode.c.objc; path = "UIButton+AFNetworking.m"; sourceTree = "<group>"; };
		DBE0E0411D069A0700970452 /* UIImage+AFNetworking.h */ = {isa = PBXFileReference; fileEncoding = 4; lastKnownFileType = sourcecode.c.h; path = "UIImage+AFNetworking.h"; sourceTree = "<group>"; };
		DBE0E0421D069A0700970452 /* UIImageView+AFNetworking.h */ = {isa = PBXFileReference; fileEncoding = 4; lastKnownFileType = sourcecode.c.h; path = "UIImageView+AFNetworking.h"; sourceTree = "<group>"; };
		DBE0E0431D069A0700970452 /* UIImageView+AFNetworking.m */ = {isa = PBXFileReference; fileEncoding = 4; lastKnownFileType = sourcecode.c.objc; path = "UIImageView+AFNetworking.m"; sourceTree = "<group>"; };
		DBE0E0441D069A0700970452 /* UIKit+AFNetworking.h */ = {isa = PBXFileReference; fileEncoding = 4; lastKnownFileType = sourcecode.c.h; path = "UIKit+AFNetworking.h"; sourceTree = "<group>"; };
		DBE0E0451D069A0700970452 /* UIProgressView+AFNetworking.h */ = {isa = PBXFileReference; fileEncoding = 4; lastKnownFileType = sourcecode.c.h; path = "UIProgressView+AFNetworking.h"; sourceTree = "<group>"; };
		DBE0E0461D069A0700970452 /* UIProgressView+AFNetworking.m */ = {isa = PBXFileReference; fileEncoding = 4; lastKnownFileType = sourcecode.c.objc; path = "UIProgressView+AFNetworking.m"; sourceTree = "<group>"; };
		DBE0E0471D069A0700970452 /* UIRefreshControl+AFNetworking.h */ = {isa = PBXFileReference; fileEncoding = 4; lastKnownFileType = sourcecode.c.h; path = "UIRefreshControl+AFNetworking.h"; sourceTree = "<group>"; };
		DBE0E0481D069A0700970452 /* UIRefreshControl+AFNetworking.m */ = {isa = PBXFileReference; fileEncoding = 4; lastKnownFileType = sourcecode.c.objc; path = "UIRefreshControl+AFNetworking.m"; sourceTree = "<group>"; };
		DBE0E0491D069A0700970452 /* UIWebView+AFNetworking.h */ = {isa = PBXFileReference; fileEncoding = 4; lastKnownFileType = sourcecode.c.h; path = "UIWebView+AFNetworking.h"; sourceTree = "<group>"; };
		DBE0E04A1D069A0700970452 /* UIWebView+AFNetworking.m */ = {isa = PBXFileReference; fileEncoding = 4; lastKnownFileType = sourcecode.c.objc; path = "UIWebView+AFNetworking.m"; sourceTree = "<group>"; };
		DBE0E05A1D069A2800970452 /* NetTool.h */ = {isa = PBXFileReference; fileEncoding = 4; lastKnownFileType = sourcecode.c.h; path = NetTool.h; sourceTree = "<group>"; };
		DBE0E05B1D069A2800970452 /* NetTool.m */ = {isa = PBXFileReference; fileEncoding = 4; lastKnownFileType = sourcecode.c.objc; path = NetTool.m; sourceTree = "<group>"; };
		DBE0E05D1D069C4200970452 /* PrefixHeader.pch */ = {isa = PBXFileReference; lastKnownFileType = sourcecode.c.h; path = PrefixHeader.pch; sourceTree = "<group>"; };
		DBE0E05E1D069D2D00970452 /* KFZMainViewController.h */ = {isa = PBXFileReference; fileEncoding = 4; lastKnownFileType = sourcecode.c.h; path = KFZMainViewController.h; sourceTree = "<group>"; };
		DBE0E05F1D069D2D00970452 /* KFZMainViewController.m */ = {isa = PBXFileReference; fileEncoding = 4; lastKnownFileType = sourcecode.c.objc; path = KFZMainViewController.m; sourceTree = "<group>"; };
		DBE0E0601D069D2D00970452 /* KFZMainViewController.xib */ = {isa = PBXFileReference; fileEncoding = 4; lastKnownFileType = file.xib; path = KFZMainViewController.xib; sourceTree = "<group>"; };
/* End PBXFileReference section */

/* Begin PBXFrameworksBuildPhase section */
		DB72112E1CF9185B00FB0EC9 /* Frameworks */ = {
			isa = PBXFrameworksBuildPhase;
			buildActionMask = 2147483647;
			files = (
			);
			runOnlyForDeploymentPostprocessing = 0;
		};
		DB7211471CF9185B00FB0EC9 /* Frameworks */ = {
			isa = PBXFrameworksBuildPhase;
			buildActionMask = 2147483647;
			files = (
			);
			runOnlyForDeploymentPostprocessing = 0;
		};
		DB7211521CF9185B00FB0EC9 /* Frameworks */ = {
			isa = PBXFrameworksBuildPhase;
			buildActionMask = 2147483647;
			files = (
			);
			runOnlyForDeploymentPostprocessing = 0;
		};
/* End PBXFrameworksBuildPhase section */

/* Begin PBXGroup section */
		DB7211281CF9185B00FB0EC9 = {
			isa = PBXGroup;
			children = (
				DB7211331CF9185B00FB0EC9 /* oc_js_交互 */,
				DB72114D1CF9185B00FB0EC9 /* oc_js_交互Tests */,
				DB7211581CF9185B00FB0EC9 /* oc_js_交互UITests */,
				DB7211321CF9185B00FB0EC9 /* Products */,
			);
			sourceTree = "<group>";
		};
		DB7211321CF9185B00FB0EC9 /* Products */ = {
			isa = PBXGroup;
			children = (
				DB7211311CF9185B00FB0EC9 /* oc_js_交互.app */,
				DB72114A1CF9185B00FB0EC9 /* oc_js_交互Tests.xctest */,
				DB7211551CF9185B00FB0EC9 /* oc_js_交互UITests.xctest */,
			);
			name = Products;
			sourceTree = "<group>";
		};
		DB7211331CF9185B00FB0EC9 /* oc_js_交互 */ = {
			isa = PBXGroup;
			children = (
				DBE0E0271D0699C200970452 /* Lib */,
				DBE0E0251D0699AA00970452 /* KFZ */,
				DB9432A61D013D180018B6F1 /* Tools */,
				DB7211371CF9185B00FB0EC9 /* AppDelegate.h */,
				DB7211381CF9185B00FB0EC9 /* AppDelegate.m */,
				DB903DC81CFEE4580024BF2B /* MainTableViewController.h */,
				DB903DC91CFEE4580024BF2B /* MainTableViewController.m */,
				DB72113A1CF9185B00FB0EC9 /* ViewController.h */,
				DB72113B1CF9185B00FB0EC9 /* ViewController.m */,
				DB903DCF1CFEE7700024BF2B /* JSContextViewController.h */,
				DB903DD01CFEE7700024BF2B /* JSContextViewController.m */,
				DB903DD41CFEF1F60024BF2B /* SCXTestViewController.h */,
				DB903DD51CFEF1F60024BF2B /* SCXTestViewController.m */,
				DB72113D1CF9185B00FB0EC9 /* Main.storyboard */,
				DB7F94C71D001B01007FD5F8 /* WKWebView */,
				DB7211401CF9185B00FB0EC9 /* Assets.xcassets */,
				DB7211421CF9185B00FB0EC9 /* LaunchScreen.storyboard */,
				DB7211451CF9185B00FB0EC9 /* Info.plist */,
				DB7211341CF9185B00FB0EC9 /* Supporting Files */,
			);
			path = "oc_js_交互";
			sourceTree = "<group>";
		};
		DB7211341CF9185B00FB0EC9 /* Supporting Files */ = {
			isa = PBXGroup;
			children = (
				DB903DD21CFEF1E30024BF2B /* SCX_.html */,
				DB903DCB1CFEE5E40024BF2B /* JSContext.html */,
				DB903DCC1CFEE5E40024BF2B /* JSContext.js */,
				DB72116B1CF9262200FB0EC9 /* xianhua.html */,
				DB7211691CF91CA300FB0EC9 /* test.png */,
				DB7211351CF9185B00FB0EC9 /* main.m */,
				DB7F94CB1D00489B007FD5F8 /* WKWebView_Test.html */,
				DB81CE0C1D03028D005A747F /* alertTitle.html */,
				DBE0E05D1D069C4200970452 /* PrefixHeader.pch */,
			);
			name = "Supporting Files";
			sourceTree = "<group>";
		};
		DB72114D1CF9185B00FB0EC9 /* oc_js_交互Tests */ = {
			isa = PBXGroup;
			children = (
				DB72114E1CF9185B00FB0EC9 /* oc_js___Tests.m */,
				DB7211501CF9185B00FB0EC9 /* Info.plist */,
			);
			path = "oc_js_交互Tests";
			sourceTree = "<group>";
		};
		DB7211581CF9185B00FB0EC9 /* oc_js_交互UITests */ = {
			isa = PBXGroup;
			children = (
				DB7211591CF9185B00FB0EC9 /* oc_js___UITests.m */,
				DB72115B1CF9185B00FB0EC9 /* Info.plist */,
			);
			path = "oc_js_交互UITests";
			sourceTree = "<group>";
		};
		DB7F94C71D001B01007FD5F8 /* WKWebView */ = {
			isa = PBXGroup;
			children = (
				DB7F94C81D002090007FD5F8 /* WKTestViewController.h */,
				DB7F94C91D002090007FD5F8 /* WKTestViewController.m */,
				DB9432911D0113FB0018B6F1 /* WKKFZMViewController.h */,
				DB9432921D0113FB0018B6F1 /* WKKFZMViewController.m */,
				DB94329A1D012C1C0018B6F1 /* WKKFZMViewController.xib */,
				DB82CD061D0D4A6A00727358 /* WKWebViwTestVC.h */,
				DB82CD071D0D4A6A00727358 /* WKWebViwTestVC.m */,
				DB82CD081D0D4A6A00727358 /* WKWebViwTestVC.xib */,
			);
			path = WKWebView;
			sourceTree = "<group>";
		};
		DB9432A61D013D180018B6F1 /* Tools */ = {
			isa = PBXGroup;
			children = (
				DB9432A71D013D2E0018B6F1 /* CookieTool.h */,
				DB9432A81D013D2E0018B6F1 /* CookieTool.m */,
				DB7EF8CF1D018498009F9B24 /* WKWebView+extension.h */,
				DB7EF8D01D018498009F9B24 /* WKWebView+extension.m */,
				DBE0E05A1D069A2800970452 /* NetTool.h */,
				DBE0E05B1D069A2800970452 /* NetTool.m */,
			);
			path = Tools;
			sourceTree = "<group>";
		};
		DBE0E0251D0699AA00970452 /* KFZ */ = {
			isa = PBXGroup;
			children = (
				DBE0E0261D0699AA00970452 /* Login */,
			);
			path = KFZ;
			sourceTree = "<group>";
		};
		DBE0E0261D0699AA00970452 /* Login */ = {
			isa = PBXGroup;
			children = (
				DBE0E05E1D069D2D00970452 /* KFZMainViewController.h */,
				DBE0E05F1D069D2D00970452 /* KFZMainViewController.m */,
				DBE0E0601D069D2D00970452 /* KFZMainViewController.xib */,
			);
			path = Login;
			sourceTree = "<group>";
		};
		DBE0E0271D0699C200970452 /* Lib */ = {
			isa = PBXGroup;
			children = (
				DBE0E0281D069A0700970452 /* AFNetworking */,
				DBE0E0361D069A0700970452 /* UIKit+AFNetworking */,
			);
			path = Lib;
			sourceTree = "<group>";
		};
		DBE0E0281D069A0700970452 /* AFNetworking */ = {
			isa = PBXGroup;
			children = (
				DBE0E0291D069A0700970452 /* AFHTTPSessionManager.h */,
				DBE0E02A1D069A0700970452 /* AFHTTPSessionManager.m */,
				DBE0E02B1D069A0700970452 /* AFNetworking.h */,
				DBE0E02C1D069A0700970452 /* AFNetworkReachabilityManager.h */,
				DBE0E02D1D069A0700970452 /* AFNetworkReachabilityManager.m */,
				DBE0E02E1D069A0700970452 /* AFSecurityPolicy.h */,
				DBE0E02F1D069A0700970452 /* AFSecurityPolicy.m */,
				DBE0E0301D069A0700970452 /* AFURLRequestSerialization.h */,
				DBE0E0311D069A0700970452 /* AFURLRequestSerialization.m */,
				DBE0E0321D069A0700970452 /* AFURLResponseSerialization.h */,
				DBE0E0331D069A0700970452 /* AFURLResponseSerialization.m */,
				DBE0E0341D069A0700970452 /* AFURLSessionManager.h */,
				DBE0E0351D069A0700970452 /* AFURLSessionManager.m */,
			);
			path = AFNetworking;
			sourceTree = "<group>";
		};
		DBE0E0361D069A0700970452 /* UIKit+AFNetworking */ = {
			isa = PBXGroup;
			children = (
				DBE0E0371D069A0700970452 /* AFAutoPurgingImageCache.h */,
				DBE0E0381D069A0700970452 /* AFAutoPurgingImageCache.m */,
				DBE0E0391D069A0700970452 /* AFImageDownloader.h */,
				DBE0E03A1D069A0700970452 /* AFImageDownloader.m */,
				DBE0E03B1D069A0700970452 /* AFNetworkActivityIndicatorManager.h */,
				DBE0E03C1D069A0700970452 /* AFNetworkActivityIndicatorManager.m */,
				DBE0E03D1D069A0700970452 /* UIActivityIndicatorView+AFNetworking.h */,
				DBE0E03E1D069A0700970452 /* UIActivityIndicatorView+AFNetworking.m */,
				DBE0E03F1D069A0700970452 /* UIButton+AFNetworking.h */,
				DBE0E0401D069A0700970452 /* UIButton+AFNetworking.m */,
				DBE0E0411D069A0700970452 /* UIImage+AFNetworking.h */,
				DBE0E0421D069A0700970452 /* UIImageView+AFNetworking.h */,
				DBE0E0431D069A0700970452 /* UIImageView+AFNetworking.m */,
				DBE0E0441D069A0700970452 /* UIKit+AFNetworking.h */,
				DBE0E0451D069A0700970452 /* UIProgressView+AFNetworking.h */,
				DBE0E0461D069A0700970452 /* UIProgressView+AFNetworking.m */,
				DBE0E0471D069A0700970452 /* UIRefreshControl+AFNetworking.h */,
				DBE0E0481D069A0700970452 /* UIRefreshControl+AFNetworking.m */,
				DBE0E0491D069A0700970452 /* UIWebView+AFNetworking.h */,
				DBE0E04A1D069A0700970452 /* UIWebView+AFNetworking.m */,
			);
			path = "UIKit+AFNetworking";
			sourceTree = "<group>";
		};
/* End PBXGroup section */

/* Begin PBXNativeTarget section */
		DB7211301CF9185B00FB0EC9 /* oc_js_交互 */ = {
			isa = PBXNativeTarget;
			buildConfigurationList = DB72115E1CF9185B00FB0EC9 /* Build configuration list for PBXNativeTarget "oc_js_交互" */;
			buildPhases = (
				DB72112D1CF9185B00FB0EC9 /* Sources */,
				DB72112E1CF9185B00FB0EC9 /* Frameworks */,
				DB72112F1CF9185B00FB0EC9 /* Resources */,
			);
			buildRules = (
			);
			dependencies = (
			);
			name = "oc_js_交互";
			productName = "oc_js_交互";
			productReference = DB7211311CF9185B00FB0EC9 /* oc_js_交互.app */;
			productType = "com.apple.product-type.application";
		};
		DB7211491CF9185B00FB0EC9 /* oc_js_交互Tests */ = {
			isa = PBXNativeTarget;
			buildConfigurationList = DB7211611CF9185B00FB0EC9 /* Build configuration list for PBXNativeTarget "oc_js_交互Tests" */;
			buildPhases = (
				DB7211461CF9185B00FB0EC9 /* Sources */,
				DB7211471CF9185B00FB0EC9 /* Frameworks */,
				DB7211481CF9185B00FB0EC9 /* Resources */,
			);
			buildRules = (
			);
			dependencies = (
				DB72114C1CF9185B00FB0EC9 /* PBXTargetDependency */,
			);
			name = "oc_js_交互Tests";
			productName = "oc_js_交互Tests";
			productReference = DB72114A1CF9185B00FB0EC9 /* oc_js_交互Tests.xctest */;
			productType = "com.apple.product-type.bundle.unit-test";
		};
		DB7211541CF9185B00FB0EC9 /* oc_js_交互UITests */ = {
			isa = PBXNativeTarget;
			buildConfigurationList = DB7211641CF9185B00FB0EC9 /* Build configuration list for PBXNativeTarget "oc_js_交互UITests" */;
			buildPhases = (
				DB7211511CF9185B00FB0EC9 /* Sources */,
				DB7211521CF9185B00FB0EC9 /* Frameworks */,
				DB7211531CF9185B00FB0EC9 /* Resources */,
			);
			buildRules = (
			);
			dependencies = (
				DB7211571CF9185B00FB0EC9 /* PBXTargetDependency */,
			);
			name = "oc_js_交互UITests";
			productName = "oc_js_交互UITests";
			productReference = DB7211551CF9185B00FB0EC9 /* oc_js_交互UITests.xctest */;
			productType = "com.apple.product-type.bundle.ui-testing";
		};
/* End PBXNativeTarget section */

/* Begin PBXProject section */
		DB7211291CF9185B00FB0EC9 /* Project object */ = {
			isa = PBXProject;
			attributes = {
				LastUpgradeCheck = 0730;
				ORGANIZATIONNAME = kongfz;
				TargetAttributes = {
					DB7211301CF9185B00FB0EC9 = {
						CreatedOnToolsVersion = 7.3;
					};
					DB7211491CF9185B00FB0EC9 = {
						CreatedOnToolsVersion = 7.3;
						TestTargetID = DB7211301CF9185B00FB0EC9;
					};
					DB7211541CF9185B00FB0EC9 = {
						CreatedOnToolsVersion = 7.3;
						TestTargetID = DB7211301CF9185B00FB0EC9;
					};
				};
			};
			buildConfigurationList = DB72112C1CF9185B00FB0EC9 /* Build configuration list for PBXProject "oc_js_交互" */;
			compatibilityVersion = "Xcode 3.2";
			developmentRegion = English;
			hasScannedForEncodings = 0;
			knownRegions = (
				en,
				Base,
			);
			mainGroup = DB7211281CF9185B00FB0EC9;
			productRefGroup = DB7211321CF9185B00FB0EC9 /* Products */;
			projectDirPath = "";
			projectRoot = "";
			targets = (
				DB7211301CF9185B00FB0EC9 /* oc_js_交互 */,
				DB7211491CF9185B00FB0EC9 /* oc_js_交互Tests */,
				DB7211541CF9185B00FB0EC9 /* oc_js_交互UITests */,
			);
		};
/* End PBXProject section */

/* Begin PBXResourcesBuildPhase section */
		DB72112F1CF9185B00FB0EC9 /* Resources */ = {
			isa = PBXResourcesBuildPhase;
			buildActionMask = 2147483647;
			files = (
				DB7211441CF9185B00FB0EC9 /* LaunchScreen.storyboard in Resources */,
				DB903DD31CFEF1E30024BF2B /* SCX_.html in Resources */,
				DB94329B1D012C1C0018B6F1 /* WKKFZMViewController.xib in Resources */,
				DB72116C1CF9262200FB0EC9 /* xianhua.html in Resources */,
				DB72116A1CF91CA300FB0EC9 /* test.png in Resources */,
				DBE0E0621D069D2D00970452 /* KFZMainViewController.xib in Resources */,
				DB903DCD1CFEE5E40024BF2B /* JSContext.html in Resources */,
				DB903DCE1CFEE5E40024BF2B /* JSContext.js in Resources */,
				DB7211411CF9185B00FB0EC9 /* Assets.xcassets in Resources */,
				DB81CE0D1D03028D005A747F /* alertTitle.html in Resources */,
				DB7F94CC1D00489B007FD5F8 /* WKWebView_Test.html in Resources */,
				DB82CD0A1D0D4A6A00727358 /* WKWebViwTestVC.xib in Resources */,
				DB72113F1CF9185B00FB0EC9 /* Main.storyboard in Resources */,
			);
			runOnlyForDeploymentPostprocessing = 0;
		};
		DB7211481CF9185B00FB0EC9 /* Resources */ = {
			isa = PBXResourcesBuildPhase;
			buildActionMask = 2147483647;
			files = (
			);
			runOnlyForDeploymentPostprocessing = 0;
		};
		DB7211531CF9185B00FB0EC9 /* Resources */ = {
			isa = PBXResourcesBuildPhase;
			buildActionMask = 2147483647;
			files = (
			);
			runOnlyForDeploymentPostprocessing = 0;
		};
/* End PBXResourcesBuildPhase section */

/* Begin PBXSourcesBuildPhase section */
		DB72112D1CF9185B00FB0EC9 /* Sources */ = {
			isa = PBXSourcesBuildPhase;
			buildActionMask = 2147483647;
			files = (
				DB903DCA1CFEE4580024BF2B /* MainTableViewController.m in Sources */,
				DB7EF8D11D018498009F9B24 /* WKWebView+extension.m in Sources */,
				DB82CD091D0D4A6A00727358 /* WKWebViwTestVC.m in Sources */,
				DBE0E0581D069A0700970452 /* UIRefreshControl+AFNetworking.m in Sources */,
				DBE0E0551D069A0700970452 /* UIButton+AFNetworking.m in Sources */,
				DBE0E0571D069A0700970452 /* UIProgressView+AFNetworking.m in Sources */,
				DBE0E0511D069A0700970452 /* AFAutoPurgingImageCache.m in Sources */,
				DB903DD61CFEF1F60024BF2B /* SCXTestViewController.m in Sources */,
				DBE0E0531D069A0700970452 /* AFNetworkActivityIndicatorManager.m in Sources */,
				DB9432931D0113FB0018B6F1 /* WKKFZMViewController.m in Sources */,
				DBE0E0541D069A0700970452 /* UIActivityIndicatorView+AFNetworking.m in Sources */,
				DBE0E04F1D069A0700970452 /* AFURLResponseSerialization.m in Sources */,
				DBE0E0561D069A0700970452 /* UIImageView+AFNetworking.m in Sources */,
				DB7F94CA1D002090007FD5F8 /* WKTestViewController.m in Sources */,
				DBE0E04E1D069A0700970452 /* AFURLRequestSerialization.m in Sources */,
				DBE0E04B1D069A0700970452 /* AFHTTPSessionManager.m in Sources */,
				DB9432A91D013D2E0018B6F1 /* CookieTool.m in Sources */,
				DBE0E0501D069A0700970452 /* AFURLSessionManager.m in Sources */,
				DBE0E0521D069A0700970452 /* AFImageDownloader.m in Sources */,
				DB72113C1CF9185B00FB0EC9 /* ViewController.m in Sources */,
				DB903DD11CFEE7700024BF2B /* JSContextViewController.m in Sources */,
				DBE0E04D1D069A0700970452 /* AFSecurityPolicy.m in Sources */,
				DB7211391CF9185B00FB0EC9 /* AppDelegate.m in Sources */,
				DBE0E0591D069A0700970452 /* UIWebView+AFNetworking.m in Sources */,
				DBE0E05C1D069A2800970452 /* NetTool.m in Sources */,
				DBE0E04C1D069A0700970452 /* AFNetworkReachabilityManager.m in Sources */,
				DBE0E0611D069D2D00970452 /* KFZMainViewController.m in Sources */,
				DB7211361CF9185B00FB0EC9 /* main.m in Sources */,
			);
			runOnlyForDeploymentPostprocessing = 0;
		};
		DB7211461CF9185B00FB0EC9 /* Sources */ = {
			isa = PBXSourcesBuildPhase;
			buildActionMask = 2147483647;
			files = (
				DB72114F1CF9185B00FB0EC9 /* oc_js___Tests.m in Sources */,
			);
			runOnlyForDeploymentPostprocessing = 0;
		};
		DB7211511CF9185B00FB0EC9 /* Sources */ = {
			isa = PBXSourcesBuildPhase;
			buildActionMask = 2147483647;
			files = (
				DB72115A1CF9185B00FB0EC9 /* oc_js___UITests.m in Sources */,
			);
			runOnlyForDeploymentPostprocessing = 0;
		};
/* End PBXSourcesBuildPhase section */

/* Begin PBXTargetDependency section */
		DB72114C1CF9185B00FB0EC9 /* PBXTargetDependency */ = {
			isa = PBXTargetDependency;
			target = DB7211301CF9185B00FB0EC9 /* oc_js_交互 */;
			targetProxy = DB72114B1CF9185B00FB0EC9 /* PBXContainerItemProxy */;
		};
		DB7211571CF9185B00FB0EC9 /* PBXTargetDependency */ = {
			isa = PBXTargetDependency;
			target = DB7211301CF9185B00FB0EC9 /* oc_js_交互 */;
			targetProxy = DB7211561CF9185B00FB0EC9 /* PBXContainerItemProxy */;
		};
/* End PBXTargetDependency section */

/* Begin PBXVariantGroup section */
		DB72113D1CF9185B00FB0EC9 /* Main.storyboard */ = {
			isa = PBXVariantGroup;
			children = (
				DB72113E1CF9185B00FB0EC9 /* Base */,
			);
			name = Main.storyboard;
			sourceTree = "<group>";
		};
		DB7211421CF9185B00FB0EC9 /* LaunchScreen.storyboard */ = {
			isa = PBXVariantGroup;
			children = (
				DB7211431CF9185B00FB0EC9 /* Base */,
			);
			name = LaunchScreen.storyboard;
			sourceTree = "<group>";
		};
/* End PBXVariantGroup section */

/* Begin XCBuildConfiguration section */
		DB72115C1CF9185B00FB0EC9 /* Debug */ = {
			isa = XCBuildConfiguration;
			buildSettings = {
				ALWAYS_SEARCH_USER_PATHS = NO;
				CLANG_ANALYZER_NONNULL = YES;
				CLANG_CXX_LANGUAGE_STANDARD = "gnu++0x";
				CLANG_CXX_LIBRARY = "libc++";
				CLANG_ENABLE_MODULES = YES;
				CLANG_ENABLE_OBJC_ARC = YES;
				CLANG_WARN_BOOL_CONVERSION = YES;
				CLANG_WARN_CONSTANT_CONVERSION = YES;
				CLANG_WARN_DIRECT_OBJC_ISA_USAGE = YES_ERROR;
				CLANG_WARN_EMPTY_BODY = YES;
				CLANG_WARN_ENUM_CONVERSION = YES;
				CLANG_WARN_INT_CONVERSION = YES;
				CLANG_WARN_OBJC_ROOT_CLASS = YES_ERROR;
				CLANG_WARN_UNREACHABLE_CODE = YES;
				CLANG_WARN__DUPLICATE_METHOD_MATCH = YES;
				"CODE_SIGN_IDENTITY[sdk=iphoneos*]" = "iPhone Developer";
				COPY_PHASE_STRIP = NO;
				DEBUG_INFORMATION_FORMAT = dwarf;
				ENABLE_STRICT_OBJC_MSGSEND = YES;
				ENABLE_TESTABILITY = YES;
				GCC_C_LANGUAGE_STANDARD = gnu99;
				GCC_DYNAMIC_NO_PIC = NO;
				GCC_NO_COMMON_BLOCKS = YES;
				GCC_OPTIMIZATION_LEVEL = 0;
				GCC_PREPROCESSOR_DEFINITIONS = (
					"DEBUG=1",
					"$(inherited)",
				);
				GCC_WARN_64_TO_32_BIT_CONVERSION = YES;
				GCC_WARN_ABOUT_RETURN_TYPE = YES_ERROR;
				GCC_WARN_UNDECLARED_SELECTOR = YES;
				GCC_WARN_UNINITIALIZED_AUTOS = YES_AGGRESSIVE;
				GCC_WARN_UNUSED_FUNCTION = YES;
				GCC_WARN_UNUSED_VARIABLE = YES;
				IPHONEOS_DEPLOYMENT_TARGET = 9.3;
				MTL_ENABLE_DEBUG_INFO = YES;
				ONLY_ACTIVE_ARCH = YES;
				SDKROOT = iphoneos;
			};
			name = Debug;
		};
		DB72115D1CF9185B00FB0EC9 /* Release */ = {
			isa = XCBuildConfiguration;
			buildSettings = {
				ALWAYS_SEARCH_USER_PATHS = NO;
				CLANG_ANALYZER_NONNULL = YES;
				CLANG_CXX_LANGUAGE_STANDARD = "gnu++0x";
				CLANG_CXX_LIBRARY = "libc++";
				CLANG_ENABLE_MODULES = YES;
				CLANG_ENABLE_OBJC_ARC = YES;
				CLANG_WARN_BOOL_CONVERSION = YES;
				CLANG_WARN_CONSTANT_CONVERSION = YES;
				CLANG_WARN_DIRECT_OBJC_ISA_USAGE = YES_ERROR;
				CLANG_WARN_EMPTY_BODY = YES;
				CLANG_WARN_ENUM_CONVERSION = YES;
				CLANG_WARN_INT_CONVERSION = YES;
				CLANG_WARN_OBJC_ROOT_CLASS = YES_ERROR;
				CLANG_WARN_UNREACHABLE_CODE = YES;
				CLANG_WARN__DUPLICATE_METHOD_MATCH = YES;
				"CODE_SIGN_IDENTITY[sdk=iphoneos*]" = "iPhone Developer";
				COPY_PHASE_STRIP = NO;
				DEBUG_INFORMATION_FORMAT = "dwarf-with-dsym";
				ENABLE_NS_ASSERTIONS = NO;
				ENABLE_STRICT_OBJC_MSGSEND = YES;
				GCC_C_LANGUAGE_STANDARD = gnu99;
				GCC_NO_COMMON_BLOCKS = YES;
				GCC_WARN_64_TO_32_BIT_CONVERSION = YES;
				GCC_WARN_ABOUT_RETURN_TYPE = YES_ERROR;
				GCC_WARN_UNDECLARED_SELECTOR = YES;
				GCC_WARN_UNINITIALIZED_AUTOS = YES_AGGRESSIVE;
				GCC_WARN_UNUSED_FUNCTION = YES;
				GCC_WARN_UNUSED_VARIABLE = YES;
				IPHONEOS_DEPLOYMENT_TARGET = 9.3;
				MTL_ENABLE_DEBUG_INFO = NO;
				SDKROOT = iphoneos;
				VALIDATE_PRODUCT = YES;
			};
			name = Release;
		};
		DB72115F1CF9185B00FB0EC9 /* Debug */ = {
			isa = XCBuildConfiguration;
			buildSettings = {
				ASSETCATALOG_COMPILER_APPICON_NAME = AppIcon;
				GCC_PREFIX_HEADER = "$(SRCROOT)/oc_js_交互/PrefixHeader.pch";
				INFOPLIST_FILE = "oc_js_交互/Info.plist";
				LD_RUNPATH_SEARCH_PATHS = "$(inherited) @executable_path/Frameworks";
				PRODUCT_BUNDLE_IDENTIFIER = "com.kongfz.www.oc-js---";
				PRODUCT_NAME = "$(TARGET_NAME)";
			};
			name = Debug;
		};
		DB7211601CF9185B00FB0EC9 /* Release */ = {
			isa = XCBuildConfiguration;
			buildSettings = {
				ASSETCATALOG_COMPILER_APPICON_NAME = AppIcon;
				GCC_PREFIX_HEADER = "$(SRCROOT)/oc_js_交互/PrefixHeader.pch";
				INFOPLIST_FILE = "oc_js_交互/Info.plist";
				LD_RUNPATH_SEARCH_PATHS = "$(inherited) @executable_path/Frameworks";
				PRODUCT_BUNDLE_IDENTIFIER = "com.kongfz.www.oc-js---";
				PRODUCT_NAME = "$(TARGET_NAME)";
			};
			name = Release;
		};
		DB7211621CF9185B00FB0EC9 /* Debug */ = {
			isa = XCBuildConfiguration;
			buildSettings = {
				BUNDLE_LOADER = "$(TEST_HOST)";
				INFOPLIST_FILE = "oc_js_交互Tests/Info.plist";
				LD_RUNPATH_SEARCH_PATHS = "$(inherited) @executable_path/Frameworks @loader_path/Frameworks";
				PRODUCT_BUNDLE_IDENTIFIER = "com.kongfz.www.oc-js---Tests";
				PRODUCT_NAME = "$(TARGET_NAME)";
				TEST_HOST = "$(BUILT_PRODUCTS_DIR)/oc_js_交互.app/oc_js_交互";
			};
			name = Debug;
		};
		DB7211631CF9185B00FB0EC9 /* Release */ = {
			isa = XCBuildConfiguration;
			buildSettings = {
				BUNDLE_LOADER = "$(TEST_HOST)";
				INFOPLIST_FILE = "oc_js_交互Tests/Info.plist";
				LD_RUNPATH_SEARCH_PATHS = "$(inherited) @executable_path/Frameworks @loader_path/Frameworks";
				PRODUCT_BUNDLE_IDENTIFIER = "com.kongfz.www.oc-js---Tests";
				PRODUCT_NAME = "$(TARGET_NAME)";
				TEST_HOST = "$(BUILT_PRODUCTS_DIR)/oc_js_交互.app/oc_js_交互";
			};
			name = Release;
		};
		DB7211651CF9185B00FB0EC9 /* Debug */ = {
			isa = XCBuildConfiguration;
			buildSettings = {
				INFOPLIST_FILE = "oc_js_交互UITests/Info.plist";
				LD_RUNPATH_SEARCH_PATHS = "$(inherited) @executable_path/Frameworks @loader_path/Frameworks";
				PRODUCT_BUNDLE_IDENTIFIER = "com.kongfz.www.oc-js---UITests";
				PRODUCT_NAME = "$(TARGET_NAME)";
				TEST_TARGET_NAME = "oc_js_交互";
			};
			name = Debug;
		};
		DB7211661CF9185B00FB0EC9 /* Release */ = {
			isa = XCBuildConfiguration;
			buildSettings = {
				INFOPLIST_FILE = "oc_js_交互UITests/Info.plist";
				LD_RUNPATH_SEARCH_PATHS = "$(inherited) @executable_path/Frameworks @loader_path/Frameworks";
				PRODUCT_BUNDLE_IDENTIFIER = "com.kongfz.www.oc-js---UITests";
				PRODUCT_NAME = "$(TARGET_NAME)";
				TEST_TARGET_NAME = "oc_js_交互";
			};
			name = Release;
		};
/* End XCBuildConfiguration section */

/* Begin XCConfigurationList section */
		DB72112C1CF9185B00FB0EC9 /* Build configuration list for PBXProject "oc_js_交互" */ = {
			isa = XCConfigurationList;
			buildConfigurations = (
				DB72115C1CF9185B00FB0EC9 /* Debug */,
				DB72115D1CF9185B00FB0EC9 /* Release */,
			);
			defaultConfigurationIsVisible = 0;
			defaultConfigurationName = Release;
		};
		DB72115E1CF9185B00FB0EC9 /* Build configuration list for PBXNativeTarget "oc_js_交互" */ = {
			isa = XCConfigurationList;
			buildConfigurations = (
				DB72115F1CF9185B00FB0EC9 /* Debug */,
				DB7211601CF9185B00FB0EC9 /* Release */,
			);
			defaultConfigurationIsVisible = 0;
			defaultConfigurationName = Release;
		};
		DB7211611CF9185B00FB0EC9 /* Build configuration list for PBXNativeTarget "oc_js_交互Tests" */ = {
			isa = XCConfigurationList;
			buildConfigurations = (
				DB7211621CF9185B00FB0EC9 /* Debug */,
				DB7211631CF9185B00FB0EC9 /* Release */,
			);
			defaultConfigurationIsVisible = 0;
			defaultConfigurationName = Release;
		};
		DB7211641CF9185B00FB0EC9 /* Build configuration list for PBXNativeTarget "oc_js_交互UITests" */ = {
			isa = XCConfigurationList;
			buildConfigurations = (
				DB7211651CF9185B00FB0EC9 /* Debug */,
				DB7211661CF9185B00FB0EC9 /* Release */,
			);
			defaultConfigurationIsVisible = 0;
			defaultConfigurationName = Release;
		};
/* End XCConfigurationList section */
	};
	rootObject = DB7211291CF9185B00FB0EC9 /* Project object */;
}
